
Microsoft Visual Studio Solution File, Format Version 12.00
# Visual Studio Version 16
VisualStudioVersion = 16.0.30002.166
MinimumVisualStudioVersion = 10.0.40219.1
Project("{FAE04EC0-301F-11D3-BF4B-00C04F79EFBC}") = "tp_laboratorio_2", "tp_laboratorio_2\tp_laboratorio_2.csproj", "{A0E2C63A-7458-437D-87CC-90F02987A5C0}"
EndProject
Global
	GlobalSection(SolutionConfigurationPlatforms) = preSolution
		Debug|Any CPU = Debug|Any CPU
		Release|Any CPU = Release|Any CPU
	EndGlobalSection
	GlobalSection(ProjectConfigurationPlatforms) = postSolution
		{A0E2C63A-7458-437D-87CC-90F02987A5C0}.Debug|Any CPU.ActiveCfg = Debug|Any CPU
		{A0E2C63A-7458-437D-87CC-90F02987A5C0}.Debug|Any CPU.Build.0 = Debug|Any CPU
		{A0E2C63A-7458-437D-87CC-90F02987A5C0}.Release|Any CPU.ActiveCfg = Release|Any CPU
		{A0E2C63A-7458-437D-87CC-90F02987A5C0}.Release|Any CPU.Build.0 = Release|Any CPU
	EndGlobalSection
	GlobalSection(SolutionProperties) = preSolution
		HideSolutionNode = FALSE
	EndGlobalSection
	GlobalSection(ExtensibilityGlobals) = postSolution
		SolutionGuid = {7A7F31C7-1C15-4082-88C6-203EFFBEBD08}
	EndGlobalSection
EndGlobal
